
Microsoft Visual Studio Solution File, Format Version 12.00
# Visual Studio 15
VisualStudioVersion = 15.0.28010.2050
MinimumVisualStudioVersion = 10.0.40219.1
Project("{8BC9CEB8-8B4A-11D0-8D11-00A0C91BC942}") = "algorithm_hw3", "algorithm_hw3\algorithm_hw3.vcxproj", "{E44095FC-AED7-4781-A07D-AFE8A1D85965}"
EndProject
Global
	GlobalSection(SolutionConfigurationPlatforms) = preSolution
		Debug|x64 = Debug|x64
		Debug|x86 = Debug|x86
		Release|x64 = Release|x64
		Release|x86 = Release|x86
	EndGlobalSection
	GlobalSection(ProjectConfigurationPlatforms) = postSolution
		{E44095FC-AED7-4781-A07D-AFE8A1D85965}.Debug|x64.ActiveCfg = Debug|x64
		{E44095FC-AED7-4781-A07D-AFE8A1D85965}.Debug|x64.Build.0 = Debug|x64
		{E44095FC-AED7-4781-A07D-AFE8A1D85965}.Debug|x86.ActiveCfg = Debug|Win32
		{E44095FC-AED7-4781-A07D-AFE8A1D85965}.Debug|x86.Build.0 = Debug|Win32
		{E44095FC-AED7-4781-A07D-AFE8A1D85965}.Release|x64.ActiveCfg = Release|x64
		{E44095FC-AED7-4781-A07D-AFE8A1D85965}.Release|x64.Build.0 = Release|x64
		{E44095FC-AED7-4781-A07D-AFE8A1D85965}.Release|x86.ActiveCfg = Release|Win32
		{E44095FC-AED7-4781-A07D-AFE8A1D85965}.Release|x86.Build.0 = Release|Win32
	EndGlobalSection
	GlobalSection(SolutionProperties) = preSolution
		HideSolutionNode = FALSE
	EndGlobalSection
	GlobalSection(ExtensibilityGlobals) = postSolution
		SolutionGuid = {3650A364-5BFB-4303-87F3-372D78A3AF99}
	EndGlobalSection
EndGlobal
